
Microsoft Visual Studio Solution File, Format Version 12.00
# Visual Studio 15
VisualStudioVersion = 15.0.27703.2035
MinimumVisualStudioVersion = 10.0.40219.1
Project("{FAE04EC0-301F-11D3-BF4B-00C04F79EFBC}") = "AllocationEngine", "AllocationEngine\AllocationEngine.csproj", "{9B2DE623-9FCB-4495-8EB3-425EE014C5BF}"
EndProject
Project("{FAE04EC0-301F-11D3-BF4B-00C04F79EFBC}") = "DataContract", "DataContract\DataContract.csproj", "{2F1D8DB5-7378-4638-AE93-B54308FBC678}"
EndProject
Project("{FAE04EC0-301F-11D3-BF4B-00C04F79EFBC}") = "DataAccess", "DataAccess\DataAccess.csproj", "{7F1F1462-64AF-4386-9E24-0640750F91DA}"
EndProject
Project("{FAE04EC0-301F-11D3-BF4B-00C04F79EFBC}") = "BackTest", "BackTest\BackTest.csproj", "{8F151F65-0BB9-4EA6-AA82-BF9B650735AD}"
EndProject
Global
	GlobalSection(SolutionConfigurationPlatforms) = preSolution
		Debug|Any CPU = Debug|Any CPU
		Release|Any CPU = Release|Any CPU
	EndGlobalSection
	GlobalSection(ProjectConfigurationPlatforms) = postSolution
		{9B2DE623-9FCB-4495-8EB3-425EE014C5BF}.Debug|Any CPU.ActiveCfg = Debug|Any CPU
		{9B2DE623-9FCB-4495-8EB3-425EE014C5BF}.Debug|Any CPU.Build.0 = Debug|Any CPU
		{9B2DE623-9FCB-4495-8EB3-425EE014C5BF}.Release|Any CPU.ActiveCfg = Release|Any CPU
		{9B2DE623-9FCB-4495-8EB3-425EE014C5BF}.Release|Any CPU.Build.0 = Release|Any CPU
		{2F1D8DB5-7378-4638-AE93-B54308FBC678}.Debug|Any CPU.ActiveCfg = Debug|Any CPU
		{2F1D8DB5-7378-4638-AE93-B54308FBC678}.Debug|Any CPU.Build.0 = Debug|Any CPU
		{2F1D8DB5-7378-4638-AE93-B54308FBC678}.Release|Any CPU.ActiveCfg = Release|Any CPU
		{2F1D8DB5-7378-4638-AE93-B54308FBC678}.Release|Any CPU.Build.0 = Release|Any CPU
		{7F1F1462-64AF-4386-9E24-0640750F91DA}.Debug|Any CPU.ActiveCfg = Debug|Any CPU
		{7F1F1462-64AF-4386-9E24-0640750F91DA}.Debug|Any CPU.Build.0 = Debug|Any CPU
		{7F1F1462-64AF-4386-9E24-0640750F91DA}.Release|Any CPU.ActiveCfg = Release|Any CPU
		{7F1F1462-64AF-4386-9E24-0640750F91DA}.Release|Any CPU.Build.0 = Release|Any CPU
		{8F151F65-0BB9-4EA6-AA82-BF9B650735AD}.Debug|Any CPU.ActiveCfg = Debug|Any CPU
		{8F151F65-0BB9-4EA6-AA82-BF9B650735AD}.Debug|Any CPU.Build.0 = Debug|Any CPU
		{8F151F65-0BB9-4EA6-AA82-BF9B650735AD}.Release|Any CPU.ActiveCfg = Release|Any CPU
		{8F151F65-0BB9-4EA6-AA82-BF9B650735AD}.Release|Any CPU.Build.0 = Release|Any CPU
	EndGlobalSection
	GlobalSection(SolutionProperties) = preSolution
		HideSolutionNode = FALSE
	EndGlobalSection
	GlobalSection(ExtensibilityGlobals) = postSolution
		SolutionGuid = {B312069B-273F-40E3-82F0-A65D1CD0998A}
	EndGlobalSection
EndGlobal
